
Microsoft Visual Studio Solution File, Format Version 10.00
# Visual C++ Express 2008
Project("{8BC9CEB8-8B4A-11D0-8D11-00A0C91BC942}") = "PTP-Win32", "PTP-Win32.vcproj", "{33847CD9-4249-4EDC-95BC-3FBF4626DFF0}"
EndProject
Global
	GlobalSection(SolutionConfigurationPlatforms) = preSolution
		Debug|Win32 = Debug|Win32
		Release|Win32 = Release|Win32
	EndGlobalSection
	GlobalSection(ProjectConfigurationPlatforms) = postSolution
		{33847CD9-4249-4EDC-95BC-3FBF4626DFF0}.Debug|Win32.ActiveCfg = Debug|Win32
		{33847CD9-4249-4EDC-95BC-3FBF4626DFF0}.Debug|Win32.Build.0 = Debug|Win32
		{33847CD9-4249-4EDC-95BC-3FBF4626DFF0}.Release|Win32.ActiveCfg = Release|Win32
		{33847CD9-4249-4EDC-95BC-3FBF4626DFF0}.Release|Win32.Build.0 = Release|Win32
	EndGlobalSection
	GlobalSection(SolutionProperties) = preSolution
		HideSolutionNode = FALSE
	EndGlobalSection
EndGlobal
