
Microsoft Visual Studio Solution File, Format Version 10.00
# Visual C++ Express 2008
Project("{8BC9CEB8-8B4A-11D0-8D11-00A0C91BC942}") = "LightroomUtils-Win32", "LightroomUtils-Win32.vcproj", "{32FAA9A0-CE22-42EC-BF7E-BA16A215CD5E}"
EndProject
Global
	GlobalSection(SolutionConfigurationPlatforms) = preSolution
		Debug|Win32 = Debug|Win32
		Release|Win32 = Release|Win32
	EndGlobalSection
	GlobalSection(ProjectConfigurationPlatforms) = postSolution
		{32FAA9A0-CE22-42EC-BF7E-BA16A215CD5E}.Debug|Win32.ActiveCfg = Debug|Win32
		{32FAA9A0-CE22-42EC-BF7E-BA16A215CD5E}.Debug|Win32.Build.0 = Debug|Win32
		{32FAA9A0-CE22-42EC-BF7E-BA16A215CD5E}.Release|Win32.ActiveCfg = Release|Win32
		{32FAA9A0-CE22-42EC-BF7E-BA16A215CD5E}.Release|Win32.Build.0 = Release|Win32
	EndGlobalSection
	GlobalSection(SolutionProperties) = preSolution
		HideSolutionNode = FALSE
	EndGlobalSection
EndGlobal
